
Microsoft Visual Studio Solution File, Format Version 12.00
# Visual Studio Version 17
VisualStudioVersion = 17.1.32228.430
MinimumVisualStudioVersion = 10.0.40219.1
Project("{9A19103F-16F7-4668-BE54-9A1E7A4F7556}") = "ElsaQuickstarts.Server.DashboardAndServer", "ElsaQuickstarts.Server.DashboardAndServer.csproj", "{08506870-C25B-4097-8AD7-7AA461BF1387}"
EndProject
Global
	GlobalSection(SolutionConfigurationPlatforms) = preSolution
		Debug|Any CPU = Debug|Any CPU
		Release|Any CPU = Release|Any CPU
	EndGlobalSection
	GlobalSection(ProjectConfigurationPlatforms) = postSolution
		{08506870-C25B-4097-8AD7-7AA461BF1387}.Debug|Any CPU.ActiveCfg = Debug|Any CPU
		{08506870-C25B-4097-8AD7-7AA461BF1387}.Debug|Any CPU.Build.0 = Debug|Any CPU
		{08506870-C25B-4097-8AD7-7AA461BF1387}.Release|Any CPU.ActiveCfg = Release|Any CPU
		{08506870-C25B-4097-8AD7-7AA461BF1387}.Release|Any CPU.Build.0 = Release|Any CPU
	EndGlobalSection
	GlobalSection(SolutionProperties) = preSolution
		HideSolutionNode = FALSE
	EndGlobalSection
	GlobalSection(ExtensibilityGlobals) = postSolution
		SolutionGuid = {BEBC2575-FB2F-47FA-AA2E-12AA8097C2D4}
	EndGlobalSection
EndGlobal
